
Microsoft Visual Studio Solution File, Format Version 12.00
# Visual Studio Version 17
VisualStudioVersion = 17.7.34024.191
MinimumVisualStudioVersion = 10.0.40219.1
Project("{9A19103F-16F7-4668-BE54-9A1E7A4F7556}") = "VechicleData", "VechicleInfo\VechicleData.csproj", "{A6B42923-3DCC-49C2-9CD3-5370045A9627}"
EndProject
Global
	GlobalSection(SolutionConfigurationPlatforms) = preSolution
		Debug|Any CPU = Debug|Any CPU
		Release|Any CPU = Release|Any CPU
	EndGlobalSection
	GlobalSection(ProjectConfigurationPlatforms) = postSolution
		{A6B42923-3DCC-49C2-9CD3-5370045A9627}.Debug|Any CPU.ActiveCfg = Debug|Any CPU
		{A6B42923-3DCC-49C2-9CD3-5370045A9627}.Debug|Any CPU.Build.0 = Debug|Any CPU
		{A6B42923-3DCC-49C2-9CD3-5370045A9627}.Release|Any CPU.ActiveCfg = Release|Any CPU
		{A6B42923-3DCC-49C2-9CD3-5370045A9627}.Release|Any CPU.Build.0 = Release|Any CPU
	EndGlobalSection
	GlobalSection(SolutionProperties) = preSolution
		HideSolutionNode = FALSE
	EndGlobalSection
	GlobalSection(ExtensibilityGlobals) = postSolution
		SolutionGuid = {FC3915A5-55F7-4147-AB30-AFD213E711E1}
	EndGlobalSection
EndGlobal
